
Microsoft Visual Studio Solution File, Format Version 12.00
# Visual Studio Version 16
VisualStudioVersion = 16.0.29709.97
MinimumVisualStudioVersion = 10.0.40219.1
Project("{FAE04EC0-301F-11D3-BF4B-00C04F79EFBC}") = "Kozanowska117", "Kozanowska117\Kozanowska117.csproj", "{254E6573-E2DF-408D-9DD6-1C3D4E5682CD}"
EndProject
Global
	GlobalSection(SolutionConfigurationPlatforms) = preSolution
		Debug|Any CPU = Debug|Any CPU
		Release|Any CPU = Release|Any CPU
	EndGlobalSection
	GlobalSection(ProjectConfigurationPlatforms) = postSolution
		{254E6573-E2DF-408D-9DD6-1C3D4E5682CD}.Debug|Any CPU.ActiveCfg = Debug|Any CPU
		{254E6573-E2DF-408D-9DD6-1C3D4E5682CD}.Debug|Any CPU.Build.0 = Debug|Any CPU
		{254E6573-E2DF-408D-9DD6-1C3D4E5682CD}.Release|Any CPU.ActiveCfg = Release|Any CPU
		{254E6573-E2DF-408D-9DD6-1C3D4E5682CD}.Release|Any CPU.Build.0 = Release|Any CPU
	EndGlobalSection
	GlobalSection(SolutionProperties) = preSolution
		HideSolutionNode = FALSE
	EndGlobalSection
	GlobalSection(ExtensibilityGlobals) = postSolution
		SolutionGuid = {B185F262-306A-4905-8F12-76CC29811CEC}
	EndGlobalSection
EndGlobal
